
Microsoft Visual Studio Solution File, Format Version 12.00
# Visual Studio 2013
VisualStudioVersion = 12.0.40629.0
MinimumVisualStudioVersion = 10.0.40219.1
Project("{FAE04EC0-301F-11D3-BF4B-00C04F79EFBC}") = "GDIK", "hello world\GDIK.csproj", "{4CFB49BB-B84F-4406-B8CC-60F96A874CA8}"
EndProject
Project("{FAE04EC0-301F-11D3-BF4B-00C04F79EFBC}") = "prog52a", "prog52a\prog52a.csproj", "{20127C2B-A91E-4DED-919F-5B00F0F39D87}"
EndProject
Project("{FAE04EC0-301F-11D3-BF4B-00C04F79EFBC}") = "prog54c", "prog54c\prog54c.csproj", "{E2CB1937-7844-4832-A7EF-483DC1ABC901}"
EndProject
Project("{FAE04EC0-301F-11D3-BF4B-00C04F79EFBC}") = "prog54d", "prog54d\prog54d.csproj", "{FB3E7402-F169-4449-BFDC-7ED32E2A1927}"
EndProject
Project("{FAE04EC0-301F-11D3-BF4B-00C04F79EFBC}") = "prog54a", "prog54a\prog54a.csproj", "{2B5E9064-2A1A-47BF-AE04-BC29BA021918}"
EndProject
Project("{FAE04EC0-301F-11D3-BF4B-00C04F79EFBC}") = "prog54b", "prog54b\prog54b.csproj", "{A5787693-FA97-4FC2-BE46-AFCCAD597BE5}"
EndProject
Project("{FAE04EC0-301F-11D3-BF4B-00C04F79EFBC}") = "Prog54bForm", "WindowsFormsApplication1\Prog54bForm.csproj", "{C5B09965-4BEB-4657-A9FE-AE418AC89594}"
EndProject
Project("{FAE04EC0-301F-11D3-BF4B-00C04F79EFBC}") = "prog85cForm", "prog85cForm\prog85cForm.csproj", "{09C3B74A-F717-429B-B5AC-102E5851711E}"
EndProject
Project("{FAE04EC0-301F-11D3-BF4B-00C04F79EFBC}") = "lp4-5", "lp4-5\lp4-5.csproj", "{1BE51302-67DB-42D8-9490-1240C0A460FE}"
EndProject
Project("{FAE04EC0-301F-11D3-BF4B-00C04F79EFBC}") = "lp4-1", "lp4-1\lp4-1.csproj", "{5FC32AD1-017A-49E3-8511-BEA6F4AACD6C}"
EndProject
Project("{FAE04EC0-301F-11D3-BF4B-00C04F79EFBC}") = "Final Progect", "Final Progect\Final Progect.csproj", "{C3D23A7C-F514-418D-A4CA-9D28B533039C}"
EndProject
Project("{FAE04EC0-301F-11D3-BF4B-00C04F79EFBC}") = "prog122a", "prog122a\prog122a.csproj", "{347047A1-AEC6-453A-BDA0-A195898BFB23}"
EndProject
Project("{FAE04EC0-301F-11D3-BF4B-00C04F79EFBC}") = "prog310a", "prog310a\prog310a.csproj", "{4B51124F-1146-4340-BDF2-375380E919A4}"
EndProject
Project("{FAE04EC0-301F-11D3-BF4B-00C04F79EFBC}") = "calcWithFunctions", "calcWithFunctions\calcWithFunctions.csproj", "{DC3D9533-1E76-4E42-86E4-DE359431FE20}"
EndProject
Project("{FAE04EC0-301F-11D3-BF4B-00C04F79EFBC}") = "pg298", "pg298\pg298.csproj", "{254F7B7C-B1AB-4749-8B78-399D241B17B0}"
EndProject
Project("{FAE04EC0-301F-11D3-BF4B-00C04F79EFBC}") = "StingInterveiw16", "StingInterveiw16\StingInterveiw16.csproj", "{CA7E17DB-C439-4084-B3DB-83341E396EF6}"
EndProject
Project("{FAE04EC0-301F-11D3-BF4B-00C04F79EFBC}") = "122b", "122b\122b.csproj", "{62DC54D1-8946-4916-B174-D0753E35D107}"
EndProject
Project("{FAE04EC0-301F-11D3-BF4B-00C04F79EFBC}") = "122d", "122d\122d.csproj", "{4AFB40EA-DFD4-41A0-8D8E-1F78026FFE5C}"
EndProject
Project("{FAE04EC0-301F-11D3-BF4B-00C04F79EFBC}") = "pg535", "pg535\pg535.csproj", "{0DDAF36B-4B0E-463D-9D9B-A21F9718E7F6}"
EndProject
Project("{FAE04EC0-301F-11D3-BF4B-00C04F79EFBC}") = "pg273", "WindowsFormsApplication2\pg273.csproj", "{DE0A16A4-931B-46FD-B3BF-C33DFF331B92}"
EndProject
Project("{FAE04EC0-301F-11D3-BF4B-00C04F79EFBC}") = "PG266", "PG266\PG266.csproj", "{79A93389-4006-4A89-9B10-CB8828B05954}"
EndProject
Project("{FAE04EC0-301F-11D3-BF4B-00C04F79EFBC}") = "lp 4-2", "lp 4-2\lp 4-2.csproj", "{83160A96-A066-4498-A9F7-808F158685AE}"
EndProject
Global
	GlobalSection(SolutionConfigurationPlatforms) = preSolution
		Debug|Any CPU = Debug|Any CPU
		Release|Any CPU = Release|Any CPU
	EndGlobalSection
	GlobalSection(ProjectConfigurationPlatforms) = postSolution
		{4CFB49BB-B84F-4406-B8CC-60F96A874CA8}.Debug|Any CPU.ActiveCfg = Debug|Any CPU
		{4CFB49BB-B84F-4406-B8CC-60F96A874CA8}.Debug|Any CPU.Build.0 = Debug|Any CPU
		{4CFB49BB-B84F-4406-B8CC-60F96A874CA8}.Release|Any CPU.ActiveCfg = Release|Any CPU
		{4CFB49BB-B84F-4406-B8CC-60F96A874CA8}.Release|Any CPU.Build.0 = Release|Any CPU
		{20127C2B-A91E-4DED-919F-5B00F0F39D87}.Debug|Any CPU.ActiveCfg = Debug|Any CPU
		{20127C2B-A91E-4DED-919F-5B00F0F39D87}.Debug|Any CPU.Build.0 = Debug|Any CPU
		{20127C2B-A91E-4DED-919F-5B00F0F39D87}.Release|Any CPU.ActiveCfg = Release|Any CPU
		{20127C2B-A91E-4DED-919F-5B00F0F39D87}.Release|Any CPU.Build.0 = Release|Any CPU
		{E2CB1937-7844-4832-A7EF-483DC1ABC901}.Debug|Any CPU.ActiveCfg = Debug|Any CPU
		{E2CB1937-7844-4832-A7EF-483DC1ABC901}.Debug|Any CPU.Build.0 = Debug|Any CPU
		{E2CB1937-7844-4832-A7EF-483DC1ABC901}.Release|Any CPU.ActiveCfg = Release|Any CPU
		{E2CB1937-7844-4832-A7EF-483DC1ABC901}.Release|Any CPU.Build.0 = Release|Any CPU
		{FB3E7402-F169-4449-BFDC-7ED32E2A1927}.Debug|Any CPU.ActiveCfg = Debug|Any CPU
		{FB3E7402-F169-4449-BFDC-7ED32E2A1927}.Debug|Any CPU.Build.0 = Debug|Any CPU
		{FB3E7402-F169-4449-BFDC-7ED32E2A1927}.Release|Any CPU.ActiveCfg = Release|Any CPU
		{FB3E7402-F169-4449-BFDC-7ED32E2A1927}.Release|Any CPU.Build.0 = Release|Any CPU
		{2B5E9064-2A1A-47BF-AE04-BC29BA021918}.Debug|Any CPU.ActiveCfg = Debug|Any CPU
		{2B5E9064-2A1A-47BF-AE04-BC29BA021918}.Debug|Any CPU.Build.0 = Debug|Any CPU
		{2B5E9064-2A1A-47BF-AE04-BC29BA021918}.Release|Any CPU.ActiveCfg = Release|Any CPU
		{2B5E9064-2A1A-47BF-AE04-BC29BA021918}.Release|Any CPU.Build.0 = Release|Any CPU
		{A5787693-FA97-4FC2-BE46-AFCCAD597BE5}.Debug|Any CPU.ActiveCfg = Debug|Any CPU
		{A5787693-FA97-4FC2-BE46-AFCCAD597BE5}.Debug|Any CPU.Build.0 = Debug|Any CPU
		{A5787693-FA97-4FC2-BE46-AFCCAD597BE5}.Release|Any CPU.ActiveCfg = Release|Any CPU
		{A5787693-FA97-4FC2-BE46-AFCCAD597BE5}.Release|Any CPU.Build.0 = Release|Any CPU
		{C5B09965-4BEB-4657-A9FE-AE418AC89594}.Debug|Any CPU.ActiveCfg = Debug|Any CPU
		{C5B09965-4BEB-4657-A9FE-AE418AC89594}.Debug|Any CPU.Build.0 = Debug|Any CPU
		{C5B09965-4BEB-4657-A9FE-AE418AC89594}.Release|Any CPU.ActiveCfg = Release|Any CPU
		{C5B09965-4BEB-4657-A9FE-AE418AC89594}.Release|Any CPU.Build.0 = Release|Any CPU
		{09C3B74A-F717-429B-B5AC-102E5851711E}.Debug|Any CPU.ActiveCfg = Debug|Any CPU
		{09C3B74A-F717-429B-B5AC-102E5851711E}.Debug|Any CPU.Build.0 = Debug|Any CPU
		{09C3B74A-F717-429B-B5AC-102E5851711E}.Release|Any CPU.ActiveCfg = Release|Any CPU
		{09C3B74A-F717-429B-B5AC-102E5851711E}.Release|Any CPU.Build.0 = Release|Any CPU
		{1BE51302-67DB-42D8-9490-1240C0A460FE}.Debug|Any CPU.ActiveCfg = Debug|Any CPU
		{1BE51302-67DB-42D8-9490-1240C0A460FE}.Debug|Any CPU.Build.0 = Debug|Any CPU
		{1BE51302-67DB-42D8-9490-1240C0A460FE}.Release|Any CPU.ActiveCfg = Release|Any CPU
		{1BE51302-67DB-42D8-9490-1240C0A460FE}.Release|Any CPU.Build.0 = Release|Any CPU
		{5FC32AD1-017A-49E3-8511-BEA6F4AACD6C}.Debug|Any CPU.ActiveCfg = Debug|Any CPU
		{5FC32AD1-017A-49E3-8511-BEA6F4AACD6C}.Debug|Any CPU.Build.0 = Debug|Any CPU
		{5FC32AD1-017A-49E3-8511-BEA6F4AACD6C}.Release|Any CPU.ActiveCfg = Release|Any CPU
		{5FC32AD1-017A-49E3-8511-BEA6F4AACD6C}.Release|Any CPU.Build.0 = Release|Any CPU
		{C3D23A7C-F514-418D-A4CA-9D28B533039C}.Debug|Any CPU.ActiveCfg = Debug|Any CPU
		{C3D23A7C-F514-418D-A4CA-9D28B533039C}.Debug|Any CPU.Build.0 = Debug|Any CPU
		{C3D23A7C-F514-418D-A4CA-9D28B533039C}.Release|Any CPU.ActiveCfg = Release|Any CPU
		{C3D23A7C-F514-418D-A4CA-9D28B533039C}.Release|Any CPU.Build.0 = Release|Any CPU
		{347047A1-AEC6-453A-BDA0-A195898BFB23}.Debug|Any CPU.ActiveCfg = Debug|Any CPU
		{347047A1-AEC6-453A-BDA0-A195898BFB23}.Debug|Any CPU.Build.0 = Debug|Any CPU
		{347047A1-AEC6-453A-BDA0-A195898BFB23}.Release|Any CPU.ActiveCfg = Release|Any CPU
		{347047A1-AEC6-453A-BDA0-A195898BFB23}.Release|Any CPU.Build.0 = Release|Any CPU
		{4B51124F-1146-4340-BDF2-375380E919A4}.Debug|Any CPU.ActiveCfg = Debug|Any CPU
		{4B51124F-1146-4340-BDF2-375380E919A4}.Debug|Any CPU.Build.0 = Debug|Any CPU
		{4B51124F-1146-4340-BDF2-375380E919A4}.Release|Any CPU.ActiveCfg = Release|Any CPU
		{4B51124F-1146-4340-BDF2-375380E919A4}.Release|Any CPU.Build.0 = Release|Any CPU
		{DC3D9533-1E76-4E42-86E4-DE359431FE20}.Debug|Any CPU.ActiveCfg = Debug|Any CPU
		{DC3D9533-1E76-4E42-86E4-DE359431FE20}.Debug|Any CPU.Build.0 = Debug|Any CPU
		{DC3D9533-1E76-4E42-86E4-DE359431FE20}.Release|Any CPU.ActiveCfg = Release|Any CPU
		{DC3D9533-1E76-4E42-86E4-DE359431FE20}.Release|Any CPU.Build.0 = Release|Any CPU
		{254F7B7C-B1AB-4749-8B78-399D241B17B0}.Debug|Any CPU.ActiveCfg = Debug|Any CPU
		{254F7B7C-B1AB-4749-8B78-399D241B17B0}.Debug|Any CPU.Build.0 = Debug|Any CPU
		{254F7B7C-B1AB-4749-8B78-399D241B17B0}.Release|Any CPU.ActiveCfg = Release|Any CPU
		{254F7B7C-B1AB-4749-8B78-399D241B17B0}.Release|Any CPU.Build.0 = Release|Any CPU
		{CA7E17DB-C439-4084-B3DB-83341E396EF6}.Debug|Any CPU.ActiveCfg = Debug|Any CPU
		{CA7E17DB-C439-4084-B3DB-83341E396EF6}.Debug|Any CPU.Build.0 = Debug|Any CPU
		{CA7E17DB-C439-4084-B3DB-83341E396EF6}.Release|Any CPU.ActiveCfg = Release|Any CPU
		{CA7E17DB-C439-4084-B3DB-83341E396EF6}.Release|Any CPU.Build.0 = Release|Any CPU
		{62DC54D1-8946-4916-B174-D0753E35D107}.Debug|Any CPU.ActiveCfg = Debug|Any CPU
		{62DC54D1-8946-4916-B174-D0753E35D107}.Debug|Any CPU.Build.0 = Debug|Any CPU
		{62DC54D1-8946-4916-B174-D0753E35D107}.Release|Any CPU.ActiveCfg = Release|Any CPU
		{62DC54D1-8946-4916-B174-D0753E35D107}.Release|Any CPU.Build.0 = Release|Any CPU
		{4AFB40EA-DFD4-41A0-8D8E-1F78026FFE5C}.Debug|Any CPU.ActiveCfg = Debug|Any CPU
		{4AFB40EA-DFD4-41A0-8D8E-1F78026FFE5C}.Debug|Any CPU.Build.0 = Debug|Any CPU
		{4AFB40EA-DFD4-41A0-8D8E-1F78026FFE5C}.Release|Any CPU.ActiveCfg = Release|Any CPU
		{4AFB40EA-DFD4-41A0-8D8E-1F78026FFE5C}.Release|Any CPU.Build.0 = Release|Any CPU
		{0DDAF36B-4B0E-463D-9D9B-A21F9718E7F6}.Debug|Any CPU.ActiveCfg = Debug|Any CPU
		{0DDAF36B-4B0E-463D-9D9B-A21F9718E7F6}.Debug|Any CPU.Build.0 = Debug|Any CPU
		{0DDAF36B-4B0E-463D-9D9B-A21F9718E7F6}.Release|Any CPU.ActiveCfg = Release|Any CPU
		{0DDAF36B-4B0E-463D-9D9B-A21F9718E7F6}.Release|Any CPU.Build.0 = Release|Any CPU
		{DE0A16A4-931B-46FD-B3BF-C33DFF331B92}.Debug|Any CPU.ActiveCfg = Debug|Any CPU
		{DE0A16A4-931B-46FD-B3BF-C33DFF331B92}.Debug|Any CPU.Build.0 = Debug|Any CPU
		{DE0A16A4-931B-46FD-B3BF-C33DFF331B92}.Release|Any CPU.ActiveCfg = Release|Any CPU
		{DE0A16A4-931B-46FD-B3BF-C33DFF331B92}.Release|Any CPU.Build.0 = Release|Any CPU
		{79A93389-4006-4A89-9B10-CB8828B05954}.Debug|Any CPU.ActiveCfg = Debug|Any CPU
		{79A93389-4006-4A89-9B10-CB8828B05954}.Debug|Any CPU.Build.0 = Debug|Any CPU
		{79A93389-4006-4A89-9B10-CB8828B05954}.Release|Any CPU.ActiveCfg = Release|Any CPU
		{79A93389-4006-4A89-9B10-CB8828B05954}.Release|Any CPU.Build.0 = Release|Any CPU
		{83160A96-A066-4498-A9F7-808F158685AE}.Debug|Any CPU.ActiveCfg = Debug|Any CPU
		{83160A96-A066-4498-A9F7-808F158685AE}.Debug|Any CPU.Build.0 = Debug|Any CPU
		{83160A96-A066-4498-A9F7-808F158685AE}.Release|Any CPU.ActiveCfg = Release|Any CPU
		{83160A96-A066-4498-A9F7-808F158685AE}.Release|Any CPU.Build.0 = Release|Any CPU
	EndGlobalSection
	GlobalSection(SolutionProperties) = preSolution
		HideSolutionNode = FALSE
	EndGlobalSection
EndGlobal
