
Microsoft Visual Studio Solution File, Format Version 11.00
# Visual Studio 2010
# SharpDevelop 4.4
Project("{FD48973F-F585-4F70-812B-4D0503B36CE9}") = "string3", "string3\string3.pyproj", "{45BA8F6E-B1E2-4398-994C-1A08A93F170C}"
EndProject
Global
	GlobalSection(SolutionConfigurationPlatforms) = preSolution
		Debug|Any CPU = Debug|Any CPU
		Release|Any CPU = Release|Any CPU
	EndGlobalSection
	GlobalSection(ProjectConfigurationPlatforms) = postSolution
		{45BA8F6E-B1E2-4398-994C-1A08A93F170C}.Debug|Any CPU.Build.0 = Debug|Any CPU
		{45BA8F6E-B1E2-4398-994C-1A08A93F170C}.Debug|Any CPU.ActiveCfg = Debug|Any CPU
		{45BA8F6E-B1E2-4398-994C-1A08A93F170C}.Release|Any CPU.Build.0 = Release|Any CPU
		{45BA8F6E-B1E2-4398-994C-1A08A93F170C}.Release|Any CPU.ActiveCfg = Release|Any CPU
	EndGlobalSection
EndGlobal
