
Microsoft Visual Studio Solution File, Format Version 11.00
# Visual Studio 2010
# SharpDevelop 4.4
Project("{FD48973F-F585-4F70-812B-4D0503B36CE9}") = "prog166e", "prog166e\prog166e.pyproj", "{D0EDB0DF-6F03-4BDF-9B99-30A345F468C2}"
EndProject
Global
	GlobalSection(SolutionConfigurationPlatforms) = preSolution
		Debug|Any CPU = Debug|Any CPU
		Release|Any CPU = Release|Any CPU
	EndGlobalSection
	GlobalSection(ProjectConfigurationPlatforms) = postSolution
		{D0EDB0DF-6F03-4BDF-9B99-30A345F468C2}.Debug|Any CPU.Build.0 = Debug|Any CPU
		{D0EDB0DF-6F03-4BDF-9B99-30A345F468C2}.Debug|Any CPU.ActiveCfg = Debug|Any CPU
		{D0EDB0DF-6F03-4BDF-9B99-30A345F468C2}.Release|Any CPU.Build.0 = Release|Any CPU
		{D0EDB0DF-6F03-4BDF-9B99-30A345F468C2}.Release|Any CPU.ActiveCfg = Release|Any CPU
	EndGlobalSection
EndGlobal
