
Microsoft Visual Studio Solution File, Format Version 11.00
# Visual Studio 2010
# SharpDevelop 4.4
Project("{FD48973F-F585-4F70-812B-4D0503B36CE9}") = "pg484", "pg484\pg484.pyproj", "{EE152596-16A4-4913-8C61-325B82E13359}"
EndProject
Global
	GlobalSection(SolutionConfigurationPlatforms) = preSolution
		Debug|Any CPU = Debug|Any CPU
		Release|Any CPU = Release|Any CPU
	EndGlobalSection
	GlobalSection(ProjectConfigurationPlatforms) = postSolution
		{EE152596-16A4-4913-8C61-325B82E13359}.Debug|Any CPU.Build.0 = Debug|Any CPU
		{EE152596-16A4-4913-8C61-325B82E13359}.Debug|Any CPU.ActiveCfg = Debug|Any CPU
		{EE152596-16A4-4913-8C61-325B82E13359}.Release|Any CPU.Build.0 = Release|Any CPU
		{EE152596-16A4-4913-8C61-325B82E13359}.Release|Any CPU.ActiveCfg = Release|Any CPU
	EndGlobalSection
EndGlobal
